// !$*UTF8*$!
{
	archiveVersion = 1;
	classes = {
	};
	objectVersion = 50;
	objects = {

/* Begin PBXBuildFile section */
		390C1221220324D700A72881 /* AppDelegate.swift in Sources */ = {isa = PBXBuildFile; fileRef = 390C1220220324D700A72881 /* AppDelegate.swift */; };
		390C1223220324D700A72881 /* AboutViewController.swift in Sources */ = {isa = PBXBuildFile; fileRef = 390C1222220324D700A72881 /* AboutViewController.swift */; };
		390C1226220324D700A72881 /* Main.storyboard in Resources */ = {isa = PBXBuildFile; fileRef = 390C1224220324D700A72881 /* Main.storyboard */; };
		390C1228220324E400A72881 /* Assets.xcassets in Resources */ = {isa = PBXBuildFile; fileRef = 390C1227220324E400A72881 /* Assets.xcassets */; };
		390C122B220324E400A72881 /* LaunchScreen.storyboard in Resources */ = {isa = PBXBuildFile; fileRef = 390C1229220324E400A72881 /* LaunchScreen.storyboard */; };
		390C1236220328CA00A72881 /* MapViewController.swift in Sources */ = {isa = PBXBuildFile; fileRef = 390C1235220328CA00A72881 /* MapViewController.swift */; };
		390C1238220328EB00A72881 /* LineUpTableViewController.swift in Sources */ = {isa = PBXBuildFile; fileRef = 390C1237220328EB00A72881 /* LineUpTableViewController.swift */; };
		390C123A2203294800A72881 /* DetailViewController.swift in Sources */ = {isa = PBXBuildFile; fileRef = 390C12392203294800A72881 /* DetailViewController.swift */; };
		390C123C2203298D00A72881 /* MapAnnotation.swift in Sources */ = {isa = PBXBuildFile; fileRef = 390C123B2203298D00A72881 /* MapAnnotation.swift */; };
		390C123E22033A5F00A72881 /* Artist.swift in Sources */ = {isa = PBXBuildFile; fileRef = 390C123D22033A5F00A72881 /* Artist.swift */; };
		390C124222033DC400A72881 /* LineUpDay.swift in Sources */ = {isa = PBXBuildFile; fileRef = 390C124122033DC400A72881 /* LineUpDay.swift */; };
		390C124422033E4A00A72881 /* DAO.swift in Sources */ = {isa = PBXBuildFile; fileRef = 390C124322033E4A00A72881 /* DAO.swift */; };
		390C12462203428E00A72881 /* LineUpStage.swift in Sources */ = {isa = PBXBuildFile; fileRef = 390C12452203428E00A72881 /* LineUpStage.swift */; };
/* End PBXBuildFile section */

/* Begin PBXFileReference section */
		390C121D220324D600A72881 /* Liesbeth_FishFest.app */ = {isa = PBXFileReference; explicitFileType = wrapper.application; includeInIndex = 0; path = Liesbeth_FishFest.app; sourceTree = BUILT_PRODUCTS_DIR; };
		390C1220220324D700A72881 /* AppDelegate.swift */ = {isa = PBXFileReference; lastKnownFileType = sourcecode.swift; path = AppDelegate.swift; sourceTree = "<group>"; };
		390C1222220324D700A72881 /* AboutViewController.swift */ = {isa = PBXFileReference; lastKnownFileType = sourcecode.swift; path = AboutViewController.swift; sourceTree = "<group>"; };
		390C1225220324D700A72881 /* Base */ = {isa = PBXFileReference; lastKnownFileType = file.storyboard; name = Base; path = Base.lproj/Main.storyboard; sourceTree = "<group>"; };
		390C1227220324E400A72881 /* Assets.xcassets */ = {isa = PBXFileReference; lastKnownFileType = folder.assetcatalog; path = Assets.xcassets; sourceTree = "<group>"; };
		390C122A220324E400A72881 /* Base */ = {isa = PBXFileReference; lastKnownFileType = file.storyboard; name = Base; path = Base.lproj/LaunchScreen.storyboard; sourceTree = "<group>"; };
		390C122C220324E400A72881 /* Info.plist */ = {isa = PBXFileReference; lastKnownFileType = text.plist.xml; path = Info.plist; sourceTree = "<group>"; };
		390C1235220328CA00A72881 /* MapViewController.swift */ = {isa = PBXFileReference; lastKnownFileType = sourcecode.swift; path = MapViewController.swift; sourceTree = "<group>"; };
		390C1237220328EB00A72881 /* LineUpTableViewController.swift */ = {isa = PBXFileReference; lastKnownFileType = sourcecode.swift; path = LineUpTableViewController.swift; sourceTree = "<group>"; };
		390C12392203294800A72881 /* DetailViewController.swift */ = {isa = PBXFileReference; lastKnownFileType = sourcecode.swift; path = DetailViewController.swift; sourceTree = "<group>"; };
		390C123B2203298D00A72881 /* MapAnnotation.swift */ = {isa = PBXFileReference; lastKnownFileType = sourcecode.swift; path = MapAnnotation.swift; sourceTree = "<group>"; };
		390C123D22033A5F00A72881 /* Artist.swift */ = {isa = PBXFileReference; lastKnownFileType = sourcecode.swift; path = Artist.swift; sourceTree = "<group>"; };
		390C124122033DC400A72881 /* LineUpDay.swift */ = {isa = PBXFileReference; lastKnownFileType = sourcecode.swift; path = LineUpDay.swift; sourceTree = "<group>"; };
		390C124322033E4A00A72881 /* DAO.swift */ = {isa = PBXFileReference; lastKnownFileType = sourcecode.swift; path = DAO.swift; sourceTree = "<group>"; };
		390C12452203428E00A72881 /* LineUpStage.swift */ = {isa = PBXFileReference; lastKnownFileType = sourcecode.swift; path = LineUpStage.swift; sourceTree = "<group>"; };
/* End PBXFileReference section */

/* Begin PBXFrameworksBuildPhase section */
		390C121A220324D600A72881 /* Frameworks */ = {
			isa = PBXFrameworksBuildPhase;
			buildActionMask = 2147483647;
			files = (
			);
			runOnlyForDeploymentPostprocessing = 0;
		};
/* End PBXFrameworksBuildPhase section */

/* Begin PBXGroup section */
		390C1214220324D600A72881 = {
			isa = PBXGroup;
			children = (
				390C121F220324D600A72881 /* Liesbeth_FishFest */,
				390C121E220324D600A72881 /* Products */,
			);
			sourceTree = "<group>";
		};
		390C121E220324D600A72881 /* Products */ = {
			isa = PBXGroup;
			children = (
				390C121D220324D600A72881 /* Liesbeth_FishFest.app */,
			);
			name = Products;
			sourceTree = "<group>";
		};
		390C121F220324D600A72881 /* Liesbeth_FishFest */ = {
			isa = PBXGroup;
			children = (
				390C1232220324F500A72881 /* Model */,
				390C12332203250400A72881 /* View */,
				390C12342203250A00A72881 /* Controller */,
				390C1227220324E400A72881 /* Assets.xcassets */,
				390C1220220324D700A72881 /* AppDelegate.swift */,
				390C122C220324E400A72881 /* Info.plist */,
			);
			path = Liesbeth_FishFest;
			sourceTree = "<group>";
		};
		390C1232220324F500A72881 /* Model */ = {
			isa = PBXGroup;
			children = (
				390C124322033E4A00A72881 /* DAO.swift */,
				390C123D22033A5F00A72881 /* Artist.swift */,
				390C12452203428E00A72881 /* LineUpStage.swift */,
				390C124122033DC400A72881 /* LineUpDay.swift */,
			);
			path = Model;
			sourceTree = "<group>";
		};
		390C12332203250400A72881 /* View */ = {
			isa = PBXGroup;
			children = (
				390C1224220324D700A72881 /* Main.storyboard */,
				390C1229220324E400A72881 /* LaunchScreen.storyboard */,
			);
			path = View;
			sourceTree = "<group>";
		};
		390C12342203250A00A72881 /* Controller */ = {
			isa = PBXGroup;
			children = (
				390C1222220324D700A72881 /* AboutViewController.swift */,
				390C1235220328CA00A72881 /* MapViewController.swift */,
				390C123B2203298D00A72881 /* MapAnnotation.swift */,
				390C1237220328EB00A72881 /* LineUpTableViewController.swift */,
				390C12392203294800A72881 /* DetailViewController.swift */,
			);
			path = Controller;
			sourceTree = "<group>";
		};
/* End PBXGroup section */

/* Begin PBXNativeTarget section */
		390C121C220324D600A72881 /* Liesbeth_FishFest */ = {
			isa = PBXNativeTarget;
			buildConfigurationList = 390C122F220324E400A72881 /* Build configuration list for PBXNativeTarget "Liesbeth_FishFest" */;
			buildPhases = (
				390C1219220324D600A72881 /* Sources */,
				390C121A220324D600A72881 /* Frameworks */,
				390C121B220324D600A72881 /* Resources */,
			);
			buildRules = (
			);
			dependencies = (
			);
			name = Liesbeth_FishFest;
			productName = Liesbeth_FishFest;
			productReference = 390C121D220324D600A72881 /* Liesbeth_FishFest.app */;
			productType = "com.apple.product-type.application";
		};
/* End PBXNativeTarget section */

/* Begin PBXProject section */
		390C1215220324D600A72881 /* Project object */ = {
			isa = PBXProject;
			attributes = {
				LastSwiftUpdateCheck = 1010;
				LastUpgradeCheck = 1010;
				ORGANIZATIONNAME = mobapp11;
				TargetAttributes = {
					390C121C220324D600A72881 = {
						CreatedOnToolsVersion = 10.1;
					};
				};
			};
			buildConfigurationList = 390C1218220324D600A72881 /* Build configuration list for PBXProject "Liesbeth_FishFest" */;
			compatibilityVersion = "Xcode 9.3";
			developmentRegion = en;
			hasScannedForEncodings = 0;
			knownRegions = (
				en,
				Base,
			);
			mainGroup = 390C1214220324D600A72881;
			productRefGroup = 390C121E220324D600A72881 /* Products */;
			projectDirPath = "";
			projectRoot = "";
			targets = (
				390C121C220324D600A72881 /* Liesbeth_FishFest */,
			);
		};
/* End PBXProject section */

/* Begin PBXResourcesBuildPhase section */
		390C121B220324D600A72881 /* Resources */ = {
			isa = PBXResourcesBuildPhase;
			buildActionMask = 2147483647;
			files = (
				390C122B220324E400A72881 /* LaunchScreen.storyboard in Resources */,
				390C1228220324E400A72881 /* Assets.xcassets in Resources */,
				390C1226220324D700A72881 /* Main.storyboard in Resources */,
			);
			runOnlyForDeploymentPostprocessing = 0;
		};
/* End PBXResourcesBuildPhase section */

/* Begin PBXSourcesBuildPhase section */
		390C1219220324D600A72881 /* Sources */ = {
			isa = PBXSourcesBuildPhase;
			buildActionMask = 2147483647;
			files = (
				390C1223220324D700A72881 /* AboutViewController.swift in Sources */,
				390C1236220328CA00A72881 /* MapViewController.swift in Sources */,
				390C123E22033A5F00A72881 /* Artist.swift in Sources */,
				390C124422033E4A00A72881 /* DAO.swift in Sources */,
				390C123A2203294800A72881 /* DetailViewController.swift in Sources */,
				390C1238220328EB00A72881 /* LineUpTableViewController.swift in Sources */,
				390C124222033DC400A72881 /* LineUpDay.swift in Sources */,
				390C1221220324D700A72881 /* AppDelegate.swift in Sources */,
				390C123C2203298D00A72881 /* MapAnnotation.swift in Sources */,
				390C12462203428E00A72881 /* LineUpStage.swift in Sources */,
			);
			runOnlyForDeploymentPostprocessing = 0;
		};
/* End PBXSourcesBuildPhase section */

/* Begin PBXVariantGroup section */
		390C1224220324D700A72881 /* Main.storyboard */ = {
			isa = PBXVariantGroup;
			children = (
				390C1225220324D700A72881 /* Base */,
			);
			name = Main.storyboard;
			sourceTree = "<group>";
		};
		390C1229220324E400A72881 /* LaunchScreen.storyboard */ = {
			isa = PBXVariantGroup;
			children = (
				390C122A220324E400A72881 /* Base */,
			);
			name = LaunchScreen.storyboard;
			sourceTree = "<group>";
		};
/* End PBXVariantGroup section */

/* Begin XCBuildConfiguration section */
		390C122D220324E400A72881 /* Debug */ = {
			isa = XCBuildConfiguration;
			buildSettings = {
				ALWAYS_SEARCH_USER_PATHS = NO;
				CLANG_ANALYZER_NONNULL = YES;
				CLANG_ANALYZER_NUMBER_OBJECT_CONVERSION = YES_AGGRESSIVE;
				CLANG_CXX_LANGUAGE_STANDARD = "gnu++14";
				CLANG_CXX_LIBRARY = "libc++";
				CLANG_ENABLE_MODULES = YES;
				CLANG_ENABLE_OBJC_ARC = YES;
				CLANG_ENABLE_OBJC_WEAK = YES;
				CLANG_WARN_BLOCK_CAPTURE_AUTORELEASING = YES;
				CLANG_WARN_BOOL_CONVERSION = YES;
				CLANG_WARN_COMMA = YES;
				CLANG_WARN_CONSTANT_CONVERSION = YES;
				CLANG_WARN_DEPRECATED_OBJC_IMPLEMENTATIONS = YES;
				CLANG_WARN_DIRECT_OBJC_ISA_USAGE = YES_ERROR;
				CLANG_WARN_DOCUMENTATION_COMMENTS = YES;
				CLANG_WARN_EMPTY_BODY = YES;
				CLANG_WARN_ENUM_CONVERSION = YES;
				CLANG_WARN_INFINITE_RECURSION = YES;
				CLANG_WARN_INT_CONVERSION = YES;
				CLANG_WARN_NON_LITERAL_NULL_CONVERSION = YES;
				CLANG_WARN_OBJC_IMPLICIT_RETAIN_SELF = YES;
				CLANG_WARN_OBJC_LITERAL_CONVERSION = YES;
				CLANG_WARN_OBJC_ROOT_CLASS = YES_ERROR;
				CLANG_WARN_RANGE_LOOP_ANALYSIS = YES;
				CLANG_WARN_STRICT_PROTOTYPES = YES;
				CLANG_WARN_SUSPICIOUS_MOVE = YES;
				CLANG_WARN_UNGUARDED_AVAILABILITY = YES_AGGRESSIVE;
				CLANG_WARN_UNREACHABLE_CODE = YES;
				CLANG_WARN__DUPLICATE_METHOD_MATCH = YES;
				CODE_SIGN_IDENTITY = "iPhone Developer";
				COPY_PHASE_STRIP = NO;
				DEBUG_INFORMATION_FORMAT = dwarf;
				ENABLE_STRICT_OBJC_MSGSEND = YES;
				ENABLE_TESTABILITY = YES;
				GCC_C_LANGUAGE_STANDARD = gnu11;
				GCC_DYNAMIC_NO_PIC = NO;
				GCC_NO_COMMON_BLOCKS = YES;
				GCC_OPTIMIZATION_LEVEL = 0;
				GCC_PREPROCESSOR_DEFINITIONS = (
					"DEBUG=1",
					"$(inherited)",
				);
				GCC_WARN_64_TO_32_BIT_CONVERSION = YES;
				GCC_WARN_ABOUT_RETURN_TYPE = YES_ERROR;
				GCC_WARN_UNDECLARED_SELECTOR = YES;
				GCC_WARN_UNINITIALIZED_AUTOS = YES_AGGRESSIVE;
				GCC_WARN_UNUSED_FUNCTION = YES;
				GCC_WARN_UNUSED_VARIABLE = YES;
				IPHONEOS_DEPLOYMENT_TARGET = 12.1;
				MTL_ENABLE_DEBUG_INFO = INCLUDE_SOURCE;
				MTL_FAST_MATH = YES;
				ONLY_ACTIVE_ARCH = YES;
				SDKROOT = iphoneos;
				SWIFT_ACTIVE_COMPILATION_CONDITIONS = DEBUG;
				SWIFT_OPTIMIZATION_LEVEL = "-Onone";
			};
			name = Debug;
		};
		390C122E220324E400A72881 /* Release */ = {
			isa = XCBuildConfiguration;
			buildSettings = {
				ALWAYS_SEARCH_USER_PATHS = NO;
				CLANG_ANALYZER_NONNULL = YES;
				CLANG_ANALYZER_NUMBER_OBJECT_CONVERSION = YES_AGGRESSIVE;
				CLANG_CXX_LANGUAGE_STANDARD = "gnu++14";
				CLANG_CXX_LIBRARY = "libc++";
				CLANG_ENABLE_MODULES = YES;
				CLANG_ENABLE_OBJC_ARC = YES;
				CLANG_ENABLE_OBJC_WEAK = YES;
				CLANG_WARN_BLOCK_CAPTURE_AUTORELEASING = YES;
				CLANG_WARN_BOOL_CONVERSION = YES;
				CLANG_WARN_COMMA = YES;
				CLANG_WARN_CONSTANT_CONVERSION = YES;
				CLANG_WARN_DEPRECATED_OBJC_IMPLEMENTATIONS = YES;
				CLANG_WARN_DIRECT_OBJC_ISA_USAGE = YES_ERROR;
				CLANG_WARN_DOCUMENTATION_COMMENTS = YES;
				CLANG_WARN_EMPTY_BODY = YES;
				CLANG_WARN_ENUM_CONVERSION = YES;
				CLANG_WARN_INFINITE_RECURSION = YES;
				CLANG_WARN_INT_CONVERSION = YES;
				CLANG_WARN_NON_LITERAL_NULL_CONVERSION = YES;
				CLANG_WARN_OBJC_IMPLICIT_RETAIN_SELF = YES;
				CLANG_WARN_OBJC_LITERAL_CONVERSION = YES;
				CLANG_WARN_OBJC_ROOT_CLASS = YES_ERROR;
				CLANG_WARN_RANGE_LOOP_ANALYSIS = YES;
				CLANG_WARN_STRICT_PROTOTYPES = YES;
				CLANG_WARN_SUSPICIOUS_MOVE = YES;
				CLANG_WARN_UNGUARDED_AVAILABILITY = YES_AGGRESSIVE;
				CLANG_WARN_UNREACHABLE_CODE = YES;
				CLANG_WARN__DUPLICATE_METHOD_MATCH = YES;
				CODE_SIGN_IDENTITY = "iPhone Developer";
				COPY_PHASE_STRIP = NO;
				DEBUG_INFORMATION_FORMAT = "dwarf-with-dsym";
				ENABLE_NS_ASSERTIONS = NO;
				ENABLE_STRICT_OBJC_MSGSEND = YES;
				GCC_C_LANGUAGE_STANDARD = gnu11;
				GCC_NO_COMMON_BLOCKS = YES;
				GCC_WARN_64_TO_32_BIT_CONVERSION = YES;
				GCC_WARN_ABOUT_RETURN_TYPE = YES_ERROR;
				GCC_WARN_UNDECLARED_SELECTOR = YES;
				GCC_WARN_UNINITIALIZED_AUTOS = YES_AGGRESSIVE;
				GCC_WARN_UNUSED_FUNCTION = YES;
				GCC_WARN_UNUSED_VARIABLE = YES;
				IPHONEOS_DEPLOYMENT_TARGET = 12.1;
				MTL_ENABLE_DEBUG_INFO = NO;
				MTL_FAST_MATH = YES;
				SDKROOT = iphoneos;
				SWIFT_COMPILATION_MODE = wholemodule;
				SWIFT_OPTIMIZATION_LEVEL = "-O";
				VALIDATE_PRODUCT = YES;
			};
			name = Release;
		};
		390C1230220324E400A72881 /* Debug */ = {
			isa = XCBuildConfiguration;
			buildSettings = {
				ASSETCATALOG_COMPILER_APPICON_NAME = AppIcon;
				CODE_SIGN_STYLE = Automatic;
				INFOPLIST_FILE = Liesbeth_FishFest/Info.plist;
				LD_RUNPATH_SEARCH_PATHS = (
					"$(inherited)",
					"@executable_path/Frameworks",
				);
				PRODUCT_BUNDLE_IDENTIFIER = "be.ehb.Liesbeth-FishFest";
				PRODUCT_NAME = "$(TARGET_NAME)";
				SWIFT_VERSION = 4.2;
				TARGETED_DEVICE_FAMILY = 1;
			};
			name = Debug;
		};
		390C1231220324E400A72881 /* Release */ = {
			isa = XCBuildConfiguration;
			buildSettings = {
				ASSETCATALOG_COMPILER_APPICON_NAME = AppIcon;
				CODE_SIGN_STYLE = Automatic;
				INFOPLIST_FILE = Liesbeth_FishFest/Info.plist;
				LD_RUNPATH_SEARCH_PATHS = (
					"$(inherited)",
					"@executable_path/Frameworks",
				);
				PRODUCT_BUNDLE_IDENTIFIER = "be.ehb.Liesbeth-FishFest";
				PRODUCT_NAME = "$(TARGET_NAME)";
				SWIFT_VERSION = 4.2;
				TARGETED_DEVICE_FAMILY = 1;
			};
			name = Release;
		};
/* End XCBuildConfiguration section */

/* Begin XCConfigurationList section */
		390C1218220324D600A72881 /* Build configuration list for PBXProject "Liesbeth_FishFest" */ = {
			isa = XCConfigurationList;
			buildConfigurations = (
				390C122D220324E400A72881 /* Debug */,
				390C122E220324E400A72881 /* Release */,
			);
			defaultConfigurationIsVisible = 0;
			defaultConfigurationName = Release;
		};
		390C122F220324E400A72881 /* Build configuration list for PBXNativeTarget "Liesbeth_FishFest" */ = {
			isa = XCConfigurationList;
			buildConfigurations = (
				390C1230220324E400A72881 /* Debug */,
				390C1231220324E400A72881 /* Release */,
			);
			defaultConfigurationIsVisible = 0;
			defaultConfigurationName = Release;
		};
/* End XCConfigurationList section */
	};
	rootObject = 390C1215220324D600A72881 /* Project object */;
}
